
Microsoft Visual Studio Solution File, Format Version 12.00
# Visual Studio 14
VisualStudioVersion = 14.0.24720.0
MinimumVisualStudioVersion = 10.0.40219.1
Project("{FAE04EC0-301F-11D3-BF4B-00C04F79EFBC}") = "NthBusinessDay", "NthBusinessDay\NthBusinessDay.csproj", "{F169CEF3-CF65-43A8-B15D-9BDA5F93EA01}"
EndProject
Project("{FAE04EC0-301F-11D3-BF4B-00C04F79EFBC}") = "NthBusinessDay.Test", "NthBusinessDay.Test\NthBusinessDay.Test.csproj", "{B4E4B6F9-7817-45AB-A529-CD0812F25911}"
EndProject
Global
	GlobalSection(SolutionConfigurationPlatforms) = preSolution
		Debug|Any CPU = Debug|Any CPU
		Release|Any CPU = Release|Any CPU
	EndGlobalSection
	GlobalSection(ProjectConfigurationPlatforms) = postSolution
		{F169CEF3-CF65-43A8-B15D-9BDA5F93EA01}.Debug|Any CPU.ActiveCfg = Debug|Any CPU
		{F169CEF3-CF65-43A8-B15D-9BDA5F93EA01}.Debug|Any CPU.Build.0 = Debug|Any CPU
		{F169CEF3-CF65-43A8-B15D-9BDA5F93EA01}.Release|Any CPU.ActiveCfg = Release|Any CPU
		{F169CEF3-CF65-43A8-B15D-9BDA5F93EA01}.Release|Any CPU.Build.0 = Release|Any CPU
		{B4E4B6F9-7817-45AB-A529-CD0812F25911}.Debug|Any CPU.ActiveCfg = Debug|Any CPU
		{B4E4B6F9-7817-45AB-A529-CD0812F25911}.Debug|Any CPU.Build.0 = Debug|Any CPU
		{B4E4B6F9-7817-45AB-A529-CD0812F25911}.Release|Any CPU.ActiveCfg = Release|Any CPU
		{B4E4B6F9-7817-45AB-A529-CD0812F25911}.Release|Any CPU.Build.0 = Release|Any CPU
	EndGlobalSection
	GlobalSection(SolutionProperties) = preSolution
		HideSolutionNode = FALSE
	EndGlobalSection
EndGlobal
